
Microsoft Visual Studio Solution File, Format Version 12.00
# Visual Studio Version 17
VisualStudioVersion = 17.5.33402.96
MinimumVisualStudioVersion = 10.0.40219.1
Project("{9A19103F-16F7-4668-BE54-9A1E7A4F7556}") = "RtpReceiver", "RtpReceiver\RtpReceiver.csproj", "{8BEF3142-C4AC-42AF-9845-4619A18C8CC9}"
EndProject
Project("{FAE04EC0-301F-11D3-BF4B-00C04F79EFBC}") = "RtpReceiverDemo", "RtpReceiverDemo\RtpReceiverDemo.csproj", "{0F633AEE-4F6F-473F-9CAD-585E46186D17}"
EndProject
Global
	GlobalSection(SolutionConfigurationPlatforms) = preSolution
		Debug|Any CPU = Debug|Any CPU
		Release|Any CPU = Release|Any CPU
	EndGlobalSection
	GlobalSection(ProjectConfigurationPlatforms) = postSolution
		{8BEF3142-C4AC-42AF-9845-4619A18C8CC9}.Debug|Any CPU.ActiveCfg = Debug|Any CPU
		{8BEF3142-C4AC-42AF-9845-4619A18C8CC9}.Debug|Any CPU.Build.0 = Debug|Any CPU
		{8BEF3142-C4AC-42AF-9845-4619A18C8CC9}.Release|Any CPU.ActiveCfg = Release|Any CPU
		{8BEF3142-C4AC-42AF-9845-4619A18C8CC9}.Release|Any CPU.Build.0 = Release|Any CPU
		{0F633AEE-4F6F-473F-9CAD-585E46186D17}.Debug|Any CPU.ActiveCfg = Debug|Any CPU
		{0F633AEE-4F6F-473F-9CAD-585E46186D17}.Debug|Any CPU.Build.0 = Debug|Any CPU
		{0F633AEE-4F6F-473F-9CAD-585E46186D17}.Release|Any CPU.ActiveCfg = Release|Any CPU
		{0F633AEE-4F6F-473F-9CAD-585E46186D17}.Release|Any CPU.Build.0 = Release|Any CPU
	EndGlobalSection
	GlobalSection(SolutionProperties) = preSolution
		HideSolutionNode = FALSE
	EndGlobalSection
	GlobalSection(ExtensibilityGlobals) = postSolution
		SolutionGuid = {7F57D45A-EB94-469B-A2A6-F9E42721A0AE}
	EndGlobalSection
EndGlobal
